
Microsoft Visual Studio Solution File, Format Version 12.00
# Visual Studio Version 17
VisualStudioVersion = 17.4.33205.214
MinimumVisualStudioVersion = 10.0.40219.1
Project("{8BC9CEB8-8B4A-11D0-8D11-00A0C91BC942}") = "MemoryManager2.0", "MemoryManager2.0\MemoryManager2.0.vcxproj", "{AD1D13B8-053E-4FD6-8BF6-3FE21FE9B3A0}"
EndProject
Global
	GlobalSection(SolutionConfigurationPlatforms) = preSolution
		Debug|x64 = Debug|x64
		Debug|x86 = Debug|x86
		Release|x64 = Release|x64
		Release|x86 = Release|x86
	EndGlobalSection
	GlobalSection(ProjectConfigurationPlatforms) = postSolution
		{AD1D13B8-053E-4FD6-8BF6-3FE21FE9B3A0}.Debug|x64.ActiveCfg = Debug|x64
		{AD1D13B8-053E-4FD6-8BF6-3FE21FE9B3A0}.Debug|x64.Build.0 = Debug|x64
		{AD1D13B8-053E-4FD6-8BF6-3FE21FE9B3A0}.Debug|x86.ActiveCfg = Debug|Win32
		{AD1D13B8-053E-4FD6-8BF6-3FE21FE9B3A0}.Debug|x86.Build.0 = Debug|Win32
		{AD1D13B8-053E-4FD6-8BF6-3FE21FE9B3A0}.Release|x64.ActiveCfg = Release|x64
		{AD1D13B8-053E-4FD6-8BF6-3FE21FE9B3A0}.Release|x64.Build.0 = Release|x64
		{AD1D13B8-053E-4FD6-8BF6-3FE21FE9B3A0}.Release|x86.ActiveCfg = Release|Win32
		{AD1D13B8-053E-4FD6-8BF6-3FE21FE9B3A0}.Release|x86.Build.0 = Release|Win32
	EndGlobalSection
	GlobalSection(SolutionProperties) = preSolution
		HideSolutionNode = FALSE
	EndGlobalSection
	GlobalSection(ExtensibilityGlobals) = postSolution
		SolutionGuid = {AF42A635-2A28-410D-AFC1-9C6CFBF8E5CE}
	EndGlobalSection
EndGlobal
